// !$*UTF8*$!
{
	archiveVersion = 1;
	classes = {
	};
	objectVersion = 50;
	objects = {

/* Begin PBXBuildFile section */
		B1CCC32E2D6B0F368A05B78E /* Pods_practiceSearchFilter.framework in Frameworks */ = {isa = PBXBuildFile; fileRef = 57666E31708A8E726C5DA2E4 /* Pods_practiceSearchFilter.framework */; };
		E5002859226425E800AAB3B4 /* AppDelegate.swift in Sources */ = {isa = PBXBuildFile; fileRef = E5002858226425E800AAB3B4 /* AppDelegate.swift */; };
		E500285B226425E800AAB3B4 /* ViewController.swift in Sources */ = {isa = PBXBuildFile; fileRef = E500285A226425E800AAB3B4 /* ViewController.swift */; };
		E500285E226425E800AAB3B4 /* Main.storyboard in Resources */ = {isa = PBXBuildFile; fileRef = E500285C226425E800AAB3B4 /* Main.storyboard */; };
		E5002860226425EA00AAB3B4 /* Assets.xcassets in Resources */ = {isa = PBXBuildFile; fileRef = E500285F226425EA00AAB3B4 /* Assets.xcassets */; };
		E5002863226425EA00AAB3B4 /* LaunchScreen.storyboard in Resources */ = {isa = PBXBuildFile; fileRef = E5002861226425EA00AAB3B4 /* LaunchScreen.storyboard */; };
		E500286F2264414100AAB3B4 /* productCell.xib in Resources */ = {isa = PBXBuildFile; fileRef = E500286E2264414100AAB3B4 /* productCell.xib */; };
		E538D69522644FD60002EA39 /* ProductCollectionViewCell.swift in Sources */ = {isa = PBXBuildFile; fileRef = E538D69422644FD60002EA39 /* ProductCollectionViewCell.swift */; };
		E538D69722646A1A0002EA39 /* SearchResultViewController.swift in Sources */ = {isa = PBXBuildFile; fileRef = E538D69622646A1A0002EA39 /* SearchResultViewController.swift */; };
		E538D69922646A2E0002EA39 /* FilterViewController.swift in Sources */ = {isa = PBXBuildFile; fileRef = E538D69822646A2E0002EA39 /* FilterViewController.swift */; };
		E538D69E226471570002EA39 /* ProductModel.swift in Sources */ = {isa = PBXBuildFile; fileRef = E538D69D226471570002EA39 /* ProductModel.swift */; };
/* End PBXBuildFile section */

/* Begin PBXFileReference section */
		57666E31708A8E726C5DA2E4 /* Pods_practiceSearchFilter.framework */ = {isa = PBXFileReference; explicitFileType = wrapper.framework; includeInIndex = 0; path = Pods_practiceSearchFilter.framework; sourceTree = BUILT_PRODUCTS_DIR; };
		7741DDA99B6F2AC1D16038A3 /* Pods-practiceSearchFilter.debug.xcconfig */ = {isa = PBXFileReference; includeInIndex = 1; lastKnownFileType = text.xcconfig; name = "Pods-practiceSearchFilter.debug.xcconfig"; path = "Target Support Files/Pods-practiceSearchFilter/Pods-practiceSearchFilter.debug.xcconfig"; sourceTree = "<group>"; };
		E5002855226425E800AAB3B4 /* practiceSearchFilter.app */ = {isa = PBXFileReference; explicitFileType = wrapper.application; includeInIndex = 0; path = practiceSearchFilter.app; sourceTree = BUILT_PRODUCTS_DIR; };
		E5002858226425E800AAB3B4 /* AppDelegate.swift */ = {isa = PBXFileReference; lastKnownFileType = sourcecode.swift; path = AppDelegate.swift; sourceTree = "<group>"; };
		E500285A226425E800AAB3B4 /* ViewController.swift */ = {isa = PBXFileReference; lastKnownFileType = sourcecode.swift; path = ViewController.swift; sourceTree = "<group>"; };
		E500285D226425E800AAB3B4 /* Base */ = {isa = PBXFileReference; lastKnownFileType = file.storyboard; name = Base; path = Base.lproj/Main.storyboard; sourceTree = "<group>"; };
		E500285F226425EA00AAB3B4 /* Assets.xcassets */ = {isa = PBXFileReference; lastKnownFileType = folder.assetcatalog; path = Assets.xcassets; sourceTree = "<group>"; };
		E5002862226425EA00AAB3B4 /* Base */ = {isa = PBXFileReference; lastKnownFileType = file.storyboard; name = Base; path = Base.lproj/LaunchScreen.storyboard; sourceTree = "<group>"; };
		E5002864226425EA00AAB3B4 /* Info.plist */ = {isa = PBXFileReference; lastKnownFileType = text.plist.xml; path = Info.plist; sourceTree = "<group>"; };
		E500286E2264414100AAB3B4 /* productCell.xib */ = {isa = PBXFileReference; lastKnownFileType = file.xib; path = productCell.xib; sourceTree = "<group>"; };
		E538D69422644FD60002EA39 /* ProductCollectionViewCell.swift */ = {isa = PBXFileReference; lastKnownFileType = sourcecode.swift; path = ProductCollectionViewCell.swift; sourceTree = "<group>"; };
		E538D69622646A1A0002EA39 /* SearchResultViewController.swift */ = {isa = PBXFileReference; lastKnownFileType = sourcecode.swift; path = SearchResultViewController.swift; sourceTree = "<group>"; };
		E538D69822646A2E0002EA39 /* FilterViewController.swift */ = {isa = PBXFileReference; lastKnownFileType = sourcecode.swift; path = FilterViewController.swift; sourceTree = "<group>"; };
		E538D69D226471570002EA39 /* ProductModel.swift */ = {isa = PBXFileReference; lastKnownFileType = sourcecode.swift; path = ProductModel.swift; sourceTree = "<group>"; };
		FB2A084035090AA7BF372D8A /* Pods-practiceSearchFilter.release.xcconfig */ = {isa = PBXFileReference; includeInIndex = 1; lastKnownFileType = text.xcconfig; name = "Pods-practiceSearchFilter.release.xcconfig"; path = "Target Support Files/Pods-practiceSearchFilter/Pods-practiceSearchFilter.release.xcconfig"; sourceTree = "<group>"; };
/* End PBXFileReference section */

/* Begin PBXFrameworksBuildPhase section */
		E5002852226425E800AAB3B4 /* Frameworks */ = {
			isa = PBXFrameworksBuildPhase;
			buildActionMask = 2147483647;
			files = (
				B1CCC32E2D6B0F368A05B78E /* Pods_practiceSearchFilter.framework in Frameworks */,
			);
			runOnlyForDeploymentPostprocessing = 0;
		};
/* End PBXFrameworksBuildPhase section */

/* Begin PBXGroup section */
		4AC8633F487B63387F532B0C /* Frameworks */ = {
			isa = PBXGroup;
			children = (
				57666E31708A8E726C5DA2E4 /* Pods_practiceSearchFilter.framework */,
			);
			name = Frameworks;
			sourceTree = "<group>";
		};
		E10BA60F35CA5462FC322C96 /* Pods */ = {
			isa = PBXGroup;
			children = (
				7741DDA99B6F2AC1D16038A3 /* Pods-practiceSearchFilter.debug.xcconfig */,
				FB2A084035090AA7BF372D8A /* Pods-practiceSearchFilter.release.xcconfig */,
			);
			path = Pods;
			sourceTree = "<group>";
		};
		E500284C226425E800AAB3B4 = {
			isa = PBXGroup;
			children = (
				E5002857226425E800AAB3B4 /* practiceSearchFilter */,
				E5002856226425E800AAB3B4 /* Products */,
				E10BA60F35CA5462FC322C96 /* Pods */,
				4AC8633F487B63387F532B0C /* Frameworks */,
			);
			sourceTree = "<group>";
		};
		E5002856226425E800AAB3B4 /* Products */ = {
			isa = PBXGroup;
			children = (
				E5002855226425E800AAB3B4 /* practiceSearchFilter.app */,
			);
			name = Products;
			sourceTree = "<group>";
		};
		E5002857226425E800AAB3B4 /* practiceSearchFilter */ = {
			isa = PBXGroup;
			children = (
				E538D69B22646FB20002EA39 /* Domain */,
				E538D69A22646F9D0002EA39 /* Scenes */,
				E5002858226425E800AAB3B4 /* AppDelegate.swift */,
				E500285C226425E800AAB3B4 /* Main.storyboard */,
				E500285F226425EA00AAB3B4 /* Assets.xcassets */,
				E5002861226425EA00AAB3B4 /* LaunchScreen.storyboard */,
				E5002864226425EA00AAB3B4 /* Info.plist */,
			);
			path = practiceSearchFilter;
			sourceTree = "<group>";
		};
		E538D69A22646F9D0002EA39 /* Scenes */ = {
			isa = PBXGroup;
			children = (
				E500285A226425E800AAB3B4 /* ViewController.swift */,
				E500286E2264414100AAB3B4 /* productCell.xib */,
				E538D69422644FD60002EA39 /* ProductCollectionViewCell.swift */,
				E538D69622646A1A0002EA39 /* SearchResultViewController.swift */,
				E538D69822646A2E0002EA39 /* FilterViewController.swift */,
			);
			path = Scenes;
			sourceTree = "<group>";
		};
		E538D69B22646FB20002EA39 /* Domain */ = {
			isa = PBXGroup;
			children = (
				E538D69C226471170002EA39 /* Model */,
			);
			path = Domain;
			sourceTree = "<group>";
		};
		E538D69C226471170002EA39 /* Model */ = {
			isa = PBXGroup;
			children = (
				E538D69D226471570002EA39 /* ProductModel.swift */,
			);
			path = Model;
			sourceTree = "<group>";
		};
/* End PBXGroup section */

/* Begin PBXNativeTarget section */
		E5002854226425E800AAB3B4 /* practiceSearchFilter */ = {
			isa = PBXNativeTarget;
			buildConfigurationList = E5002867226425EA00AAB3B4 /* Build configuration list for PBXNativeTarget "practiceSearchFilter" */;
			buildPhases = (
				9AE05A0813584C995DBD9E16 /* [CP] Check Pods Manifest.lock */,
				E5002851226425E800AAB3B4 /* Sources */,
				E5002852226425E800AAB3B4 /* Frameworks */,
				E5002853226425E800AAB3B4 /* Resources */,
				5ACD25F45431D2D229BACE76 /* [CP] Embed Pods Frameworks */,
			);
			buildRules = (
			);
			dependencies = (
			);
			name = practiceSearchFilter;
			productName = practiceSearchFilter;
			productReference = E5002855226425E800AAB3B4 /* practiceSearchFilter.app */;
			productType = "com.apple.product-type.application";
		};
/* End PBXNativeTarget section */

/* Begin PBXProject section */
		E500284D226425E800AAB3B4 /* Project object */ = {
			isa = PBXProject;
			attributes = {
				LastSwiftUpdateCheck = 1020;
				LastUpgradeCheck = 1020;
				ORGANIZATIONNAME = nakama;
				TargetAttributes = {
					E5002854226425E800AAB3B4 = {
						CreatedOnToolsVersion = 10.2;
					};
				};
			};
			buildConfigurationList = E5002850226425E800AAB3B4 /* Build configuration list for PBXProject "practiceSearchFilter" */;
			compatibilityVersion = "Xcode 9.3";
			developmentRegion = en;
			hasScannedForEncodings = 0;
			knownRegions = (
				en,
				Base,
			);
			mainGroup = E500284C226425E800AAB3B4;
			productRefGroup = E5002856226425E800AAB3B4 /* Products */;
			projectDirPath = "";
			projectRoot = "";
			targets = (
				E5002854226425E800AAB3B4 /* practiceSearchFilter */,
			);
		};
/* End PBXProject section */

/* Begin PBXResourcesBuildPhase section */
		E5002853226425E800AAB3B4 /* Resources */ = {
			isa = PBXResourcesBuildPhase;
			buildActionMask = 2147483647;
			files = (
				E5002863226425EA00AAB3B4 /* LaunchScreen.storyboard in Resources */,
				E500286F2264414100AAB3B4 /* productCell.xib in Resources */,
				E5002860226425EA00AAB3B4 /* Assets.xcassets in Resources */,
				E500285E226425E800AAB3B4 /* Main.storyboard in Resources */,
			);
			runOnlyForDeploymentPostprocessing = 0;
		};
/* End PBXResourcesBuildPhase section */

/* Begin PBXShellScriptBuildPhase section */
		5ACD25F45431D2D229BACE76 /* [CP] Embed Pods Frameworks */ = {
			isa = PBXShellScriptBuildPhase;
			buildActionMask = 2147483647;
			files = (
			);
			inputFileListPaths = (
			);
			inputPaths = (
				"${PODS_ROOT}/Target Support Files/Pods-practiceSearchFilter/Pods-practiceSearchFilter-frameworks.sh",
				"${BUILT_PRODUCTS_DIR}/Alamofire/Alamofire.framework",
				"${BUILT_PRODUCTS_DIR}/Moya/Moya.framework",
				"${BUILT_PRODUCTS_DIR}/Result/Result.framework",
				"${BUILT_PRODUCTS_DIR}/RxCocoa/RxCocoa.framework",
				"${BUILT_PRODUCTS_DIR}/RxSwift/RxSwift.framework",
			);
			name = "[CP] Embed Pods Frameworks";
			outputFileListPaths = (
			);
			outputPaths = (
				"${TARGET_BUILD_DIR}/${FRAMEWORKS_FOLDER_PATH}/Alamofire.framework",
				"${TARGET_BUILD_DIR}/${FRAMEWORKS_FOLDER_PATH}/Moya.framework",
				"${TARGET_BUILD_DIR}/${FRAMEWORKS_FOLDER_PATH}/Result.framework",
				"${TARGET_BUILD_DIR}/${FRAMEWORKS_FOLDER_PATH}/RxCocoa.framework",
				"${TARGET_BUILD_DIR}/${FRAMEWORKS_FOLDER_PATH}/RxSwift.framework",
			);
			runOnlyForDeploymentPostprocessing = 0;
			shellPath = /bin/sh;
			shellScript = "\"${PODS_ROOT}/Target Support Files/Pods-practiceSearchFilter/Pods-practiceSearchFilter-frameworks.sh\"\n";
			showEnvVarsInLog = 0;
		};
		9AE05A0813584C995DBD9E16 /* [CP] Check Pods Manifest.lock */ = {
			isa = PBXShellScriptBuildPhase;
			buildActionMask = 2147483647;
			files = (
			);
			inputFileListPaths = (
			);
			inputPaths = (
				"${PODS_PODFILE_DIR_PATH}/Podfile.lock",
				"${PODS_ROOT}/Manifest.lock",
			);
			name = "[CP] Check Pods Manifest.lock";
			outputFileListPaths = (
			);
			outputPaths = (
				"$(DERIVED_FILE_DIR)/Pods-practiceSearchFilter-checkManifestLockResult.txt",
			);
			runOnlyForDeploymentPostprocessing = 0;
			shellPath = /bin/sh;
			shellScript = "diff \"${PODS_PODFILE_DIR_PATH}/Podfile.lock\" \"${PODS_ROOT}/Manifest.lock\" > /dev/null\nif [ $? != 0 ] ; then\n    # print error to STDERR\n    echo \"error: The sandbox is not in sync with the Podfile.lock. Run 'pod install' or update your CocoaPods installation.\" >&2\n    exit 1\nfi\n# This output is used by Xcode 'outputs' to avoid re-running this script phase.\necho \"SUCCESS\" > \"${SCRIPT_OUTPUT_FILE_0}\"\n";
			showEnvVarsInLog = 0;
		};
/* End PBXShellScriptBuildPhase section */

/* Begin PBXSourcesBuildPhase section */
		E5002851226425E800AAB3B4 /* Sources */ = {
			isa = PBXSourcesBuildPhase;
			buildActionMask = 2147483647;
			files = (
				E500285B226425E800AAB3B4 /* ViewController.swift in Sources */,
				E538D69E226471570002EA39 /* ProductModel.swift in Sources */,
				E538D69522644FD60002EA39 /* ProductCollectionViewCell.swift in Sources */,
				E538D69722646A1A0002EA39 /* SearchResultViewController.swift in Sources */,
				E5002859226425E800AAB3B4 /* AppDelegate.swift in Sources */,
				E538D69922646A2E0002EA39 /* FilterViewController.swift in Sources */,
			);
			runOnlyForDeploymentPostprocessing = 0;
		};
/* End PBXSourcesBuildPhase section */

/* Begin PBXVariantGroup section */
		E500285C226425E800AAB3B4 /* Main.storyboard */ = {
			isa = PBXVariantGroup;
			children = (
				E500285D226425E800AAB3B4 /* Base */,
			);
			name = Main.storyboard;
			sourceTree = "<group>";
		};
		E5002861226425EA00AAB3B4 /* LaunchScreen.storyboard */ = {
			isa = PBXVariantGroup;
			children = (
				E5002862226425EA00AAB3B4 /* Base */,
			);
			name = LaunchScreen.storyboard;
			sourceTree = "<group>";
		};
/* End PBXVariantGroup section */

/* Begin XCBuildConfiguration section */
		E5002865226425EA00AAB3B4 /* Debug */ = {
			isa = XCBuildConfiguration;
			buildSettings = {
				ALWAYS_SEARCH_USER_PATHS = NO;
				CLANG_ANALYZER_NONNULL = YES;
				CLANG_ANALYZER_NUMBER_OBJECT_CONVERSION = YES_AGGRESSIVE;
				CLANG_CXX_LANGUAGE_STANDARD = "gnu++14";
				CLANG_CXX_LIBRARY = "libc++";
				CLANG_ENABLE_MODULES = YES;
				CLANG_ENABLE_OBJC_ARC = YES;
				CLANG_ENABLE_OBJC_WEAK = YES;
				CLANG_WARN_BLOCK_CAPTURE_AUTORELEASING = YES;
				CLANG_WARN_BOOL_CONVERSION = YES;
				CLANG_WARN_COMMA = YES;
				CLANG_WARN_CONSTANT_CONVERSION = YES;
				CLANG_WARN_DEPRECATED_OBJC_IMPLEMENTATIONS = YES;
				CLANG_WARN_DIRECT_OBJC_ISA_USAGE = YES_ERROR;
				CLANG_WARN_DOCUMENTATION_COMMENTS = YES;
				CLANG_WARN_EMPTY_BODY = YES;
				CLANG_WARN_ENUM_CONVERSION = YES;
				CLANG_WARN_INFINITE_RECURSION = YES;
				CLANG_WARN_INT_CONVERSION = YES;
				CLANG_WARN_NON_LITERAL_NULL_CONVERSION = YES;
				CLANG_WARN_OBJC_IMPLICIT_RETAIN_SELF = YES;
				CLANG_WARN_OBJC_LITERAL_CONVERSION = YES;
				CLANG_WARN_OBJC_ROOT_CLASS = YES_ERROR;
				CLANG_WARN_RANGE_LOOP_ANALYSIS = YES;
				CLANG_WARN_STRICT_PROTOTYPES = YES;
				CLANG_WARN_SUSPICIOUS_MOVE = YES;
				CLANG_WARN_UNGUARDED_AVAILABILITY = YES_AGGRESSIVE;
				CLANG_WARN_UNREACHABLE_CODE = YES;
				CLANG_WARN__DUPLICATE_METHOD_MATCH = YES;
				CODE_SIGN_IDENTITY = "iPhone Developer";
				COPY_PHASE_STRIP = NO;
				DEBUG_INFORMATION_FORMAT = dwarf;
				ENABLE_STRICT_OBJC_MSGSEND = YES;
				ENABLE_TESTABILITY = YES;
				GCC_C_LANGUAGE_STANDARD = gnu11;
				GCC_DYNAMIC_NO_PIC = NO;
				GCC_NO_COMMON_BLOCKS = YES;
				GCC_OPTIMIZATION_LEVEL = 0;
				GCC_PREPROCESSOR_DEFINITIONS = (
					"DEBUG=1",
					"$(inherited)",
				);
				GCC_WARN_64_TO_32_BIT_CONVERSION = YES;
				GCC_WARN_ABOUT_RETURN_TYPE = YES_ERROR;
				GCC_WARN_UNDECLARED_SELECTOR = YES;
				GCC_WARN_UNINITIALIZED_AUTOS = YES_AGGRESSIVE;
				GCC_WARN_UNUSED_FUNCTION = YES;
				GCC_WARN_UNUSED_VARIABLE = YES;
				IPHONEOS_DEPLOYMENT_TARGET = 12.2;
				MTL_ENABLE_DEBUG_INFO = INCLUDE_SOURCE;
				MTL_FAST_MATH = YES;
				ONLY_ACTIVE_ARCH = YES;
				SDKROOT = iphoneos;
				SWIFT_ACTIVE_COMPILATION_CONDITIONS = DEBUG;
				SWIFT_OPTIMIZATION_LEVEL = "-Onone";
			};
			name = Debug;
		};
		E5002866226425EA00AAB3B4 /* Release */ = {
			isa = XCBuildConfiguration;
			buildSettings = {
				ALWAYS_SEARCH_USER_PATHS = NO;
				CLANG_ANALYZER_NONNULL = YES;
				CLANG_ANALYZER_NUMBER_OBJECT_CONVERSION = YES_AGGRESSIVE;
				CLANG_CXX_LANGUAGE_STANDARD = "gnu++14";
				CLANG_CXX_LIBRARY = "libc++";
				CLANG_ENABLE_MODULES = YES;
				CLANG_ENABLE_OBJC_ARC = YES;
				CLANG_ENABLE_OBJC_WEAK = YES;
				CLANG_WARN_BLOCK_CAPTURE_AUTORELEASING = YES;
				CLANG_WARN_BOOL_CONVERSION = YES;
				CLANG_WARN_COMMA = YES;
				CLANG_WARN_CONSTANT_CONVERSION = YES;
				CLANG_WARN_DEPRECATED_OBJC_IMPLEMENTATIONS = YES;
				CLANG_WARN_DIRECT_OBJC_ISA_USAGE = YES_ERROR;
				CLANG_WARN_DOCUMENTATION_COMMENTS = YES;
				CLANG_WARN_EMPTY_BODY = YES;
				CLANG_WARN_ENUM_CONVERSION = YES;
				CLANG_WARN_INFINITE_RECURSION = YES;
				CLANG_WARN_INT_CONVERSION = YES;
				CLANG_WARN_NON_LITERAL_NULL_CONVERSION = YES;
				CLANG_WARN_OBJC_IMPLICIT_RETAIN_SELF = YES;
				CLANG_WARN_OBJC_LITERAL_CONVERSION = YES;
				CLANG_WARN_OBJC_ROOT_CLASS = YES_ERROR;
				CLANG_WARN_RANGE_LOOP_ANALYSIS = YES;
				CLANG_WARN_STRICT_PROTOTYPES = YES;
				CLANG_WARN_SUSPICIOUS_MOVE = YES;
				CLANG_WARN_UNGUARDED_AVAILABILITY = YES_AGGRESSIVE;
				CLANG_WARN_UNREACHABLE_CODE = YES;
				CLANG_WARN__DUPLICATE_METHOD_MATCH = YES;
				CODE_SIGN_IDENTITY = "iPhone Developer";
				COPY_PHASE_STRIP = NO;
				DEBUG_INFORMATION_FORMAT = "dwarf-with-dsym";
				ENABLE_NS_ASSERTIONS = NO;
				ENABLE_STRICT_OBJC_MSGSEND = YES;
				GCC_C_LANGUAGE_STANDARD = gnu11;
				GCC_NO_COMMON_BLOCKS = YES;
				GCC_WARN_64_TO_32_BIT_CONVERSION = YES;
				GCC_WARN_ABOUT_RETURN_TYPE = YES_ERROR;
				GCC_WARN_UNDECLARED_SELECTOR = YES;
				GCC_WARN_UNINITIALIZED_AUTOS = YES_AGGRESSIVE;
				GCC_WARN_UNUSED_FUNCTION = YES;
				GCC_WARN_UNUSED_VARIABLE = YES;
				IPHONEOS_DEPLOYMENT_TARGET = 12.2;
				MTL_ENABLE_DEBUG_INFO = NO;
				MTL_FAST_MATH = YES;
				SDKROOT = iphoneos;
				SWIFT_COMPILATION_MODE = wholemodule;
				SWIFT_OPTIMIZATION_LEVEL = "-O";
				VALIDATE_PRODUCT = YES;
			};
			name = Release;
		};
		E5002868226425EA00AAB3B4 /* Debug */ = {
			isa = XCBuildConfiguration;
			baseConfigurationReference = 7741DDA99B6F2AC1D16038A3 /* Pods-practiceSearchFilter.debug.xcconfig */;
			buildSettings = {
				ASSETCATALOG_COMPILER_APPICON_NAME = AppIcon;
				CODE_SIGN_STYLE = Automatic;
				INFOPLIST_FILE = practiceSearchFilter/Info.plist;
				LD_RUNPATH_SEARCH_PATHS = (
					"$(inherited)",
					"@executable_path/Frameworks",
				);
				PRODUCT_BUNDLE_IDENTIFIER = paramitha.practiceSearchFilter;
				PRODUCT_NAME = "$(TARGET_NAME)";
				SWIFT_VERSION = 5.0;
				TARGETED_DEVICE_FAMILY = "1,2";
			};
			name = Debug;
		};
		E5002869226425EA00AAB3B4 /* Release */ = {
			isa = XCBuildConfiguration;
			baseConfigurationReference = FB2A084035090AA7BF372D8A /* Pods-practiceSearchFilter.release.xcconfig */;
			buildSettings = {
				ASSETCATALOG_COMPILER_APPICON_NAME = AppIcon;
				CODE_SIGN_STYLE = Automatic;
				INFOPLIST_FILE = practiceSearchFilter/Info.plist;
				LD_RUNPATH_SEARCH_PATHS = (
					"$(inherited)",
					"@executable_path/Frameworks",
				);
				PRODUCT_BUNDLE_IDENTIFIER = paramitha.practiceSearchFilter;
				PRODUCT_NAME = "$(TARGET_NAME)";
				SWIFT_VERSION = 5.0;
				TARGETED_DEVICE_FAMILY = "1,2";
			};
			name = Release;
		};
/* End XCBuildConfiguration section */

/* Begin XCConfigurationList section */
		E5002850226425E800AAB3B4 /* Build configuration list for PBXProject "practiceSearchFilter" */ = {
			isa = XCConfigurationList;
			buildConfigurations = (
				E5002865226425EA00AAB3B4 /* Debug */,
				E5002866226425EA00AAB3B4 /* Release */,
			);
			defaultConfigurationIsVisible = 0;
			defaultConfigurationName = Release;
		};
		E5002867226425EA00AAB3B4 /* Build configuration list for PBXNativeTarget "practiceSearchFilter" */ = {
			isa = XCConfigurationList;
			buildConfigurations = (
				E5002868226425EA00AAB3B4 /* Debug */,
				E5002869226425EA00AAB3B4 /* Release */,
			);
			defaultConfigurationIsVisible = 0;
			defaultConfigurationName = Release;
		};
/* End XCConfigurationList section */
	};
	rootObject = E500284D226425E800AAB3B4 /* Project object */;
}
